
Microsoft Visual Studio Solution File, Format Version 12.00
# Visual Studio Version 17
VisualStudioVersion = 17.4.33213.308
MinimumVisualStudioVersion = 10.0.40219.1
Project("{F184B08F-C81C-45F6-A57F-5ABD9991F28F}") = "Consultas Componentes", "Consultas Componentes\Consultas Componentes.vbproj", "{4AE7EFE4-5501-4A7D-BCA0-A978EE12FC2E}"
EndProject
Global
	GlobalSection(SolutionConfigurationPlatforms) = preSolution
		Debug|Any CPU = Debug|Any CPU
		Release|Any CPU = Release|Any CPU
	EndGlobalSection
	GlobalSection(ProjectConfigurationPlatforms) = postSolution
		{4AE7EFE4-5501-4A7D-BCA0-A978EE12FC2E}.Debug|Any CPU.ActiveCfg = Debug|Any CPU
		{4AE7EFE4-5501-4A7D-BCA0-A978EE12FC2E}.Debug|Any CPU.Build.0 = Debug|Any CPU
		{4AE7EFE4-5501-4A7D-BCA0-A978EE12FC2E}.Release|Any CPU.ActiveCfg = Release|Any CPU
		{4AE7EFE4-5501-4A7D-BCA0-A978EE12FC2E}.Release|Any CPU.Build.0 = Release|Any CPU
	EndGlobalSection
	GlobalSection(SolutionProperties) = preSolution
		HideSolutionNode = FALSE
	EndGlobalSection
	GlobalSection(ExtensibilityGlobals) = postSolution
		SolutionGuid = {D327FE9A-30DA-42EE-B667-B96BF6E12E93}
	EndGlobalSection
EndGlobal
